
Microsoft Visual Studio Solution File, Format Version 12.00
# Visual Studio 15
Project("{FAE04EC0-301F-11D3-BF4B-00C04F79EFBC}") = "Assembly-CSharp-firstpass", "Assembly-CSharp-firstpass.csproj", "{1D848198-1265-A4DF-7A63-1CFDCD417CCE}"
EndProject
Project("{FAE04EC0-301F-11D3-BF4B-00C04F79EFBC}") = "Assembly-CSharp", "Assembly-CSharp.csproj", "{E98B0987-CFC5-3F14-95C8-EF21E3AF396C}"
EndProject
Project("{FAE04EC0-301F-11D3-BF4B-00C04F79EFBC}") = "Assembly-CSharp-Editor-firstpass", "Assembly-CSharp-Editor-firstpass.csproj", "{93636577-406A-8EE9-DCBE-246B6416F82F}"
EndProject
Global
	GlobalSection(SolutionConfigurationPlatforms) = preSolution
		Debug|Any CPU = Debug|Any CPU
		Release|Any CPU = Release|Any CPU
	EndGlobalSection
	GlobalSection(ProjectConfigurationPlatforms) = postSolution
		{1D848198-1265-A4DF-7A63-1CFDCD417CCE}.Debug|Any CPU.ActiveCfg = Debug|Any CPU
		{1D848198-1265-A4DF-7A63-1CFDCD417CCE}.Debug|Any CPU.Build.0 = Debug|Any CPU
		{1D848198-1265-A4DF-7A63-1CFDCD417CCE}.Release|Any CPU.ActiveCfg = Release|Any CPU
		{1D848198-1265-A4DF-7A63-1CFDCD417CCE}.Release|Any CPU.Build.0 = Release|Any CPU
		{E98B0987-CFC5-3F14-95C8-EF21E3AF396C}.Debug|Any CPU.ActiveCfg = Debug|Any CPU
		{E98B0987-CFC5-3F14-95C8-EF21E3AF396C}.Debug|Any CPU.Build.0 = Debug|Any CPU
		{E98B0987-CFC5-3F14-95C8-EF21E3AF396C}.Release|Any CPU.ActiveCfg = Release|Any CPU
		{E98B0987-CFC5-3F14-95C8-EF21E3AF396C}.Release|Any CPU.Build.0 = Release|Any CPU
		{93636577-406A-8EE9-DCBE-246B6416F82F}.Debug|Any CPU.ActiveCfg = Debug|Any CPU
		{93636577-406A-8EE9-DCBE-246B6416F82F}.Debug|Any CPU.Build.0 = Debug|Any CPU
		{93636577-406A-8EE9-DCBE-246B6416F82F}.Release|Any CPU.ActiveCfg = Release|Any CPU
		{93636577-406A-8EE9-DCBE-246B6416F82F}.Release|Any CPU.Build.0 = Release|Any CPU
	EndGlobalSection
	GlobalSection(SolutionProperties) = preSolution
		HideSolutionNode = FALSE
	EndGlobalSection
EndGlobal
